// !$*UTF8*$!
{
	archiveVersion = 1;
	classes = {
	};
	objectVersion = 56;
	objects = {

/* Begin PBXBuildFile section */
		EB3DB99E2ACFBDBE00D7C26E /* NewsDetailsViewController.swift in Sources */ = {isa = PBXBuildFile; fileRef = EB3DB99D2ACFBDBE00D7C26E /* NewsDetailsViewController.swift */; };
		EB3DB9A02ACFBDDC00D7C26E /* NewsDetailsViewModel.swift in Sources */ = {isa = PBXBuildFile; fileRef = EB3DB99F2ACFBDDC00D7C26E /* NewsDetailsViewModel.swift */; };
		EB84D1C82ACEFA6800C68EF4 /* HeadlineScreenImageCollectionViewModel.swift in Sources */ = {isa = PBXBuildFile; fileRef = EB84D1C72ACEFA6800C68EF4 /* HeadlineScreenImageCollectionViewModel.swift */; };
		EB8FFBB92ACE4A4B0006E21F /* AppDelegate.swift in Sources */ = {isa = PBXBuildFile; fileRef = EB8FFBB82ACE4A4B0006E21F /* AppDelegate.swift */; };
		EB8FFBBD2ACE4A4B0006E21F /* TopHeadLinesViewController.swift in Sources */ = {isa = PBXBuildFile; fileRef = EB8FFBBC2ACE4A4B0006E21F /* TopHeadLinesViewController.swift */; };
		EB8FFBC02ACE4A4B0006E21F /* Main.storyboard in Resources */ = {isa = PBXBuildFile; fileRef = EB8FFBBE2ACE4A4B0006E21F /* Main.storyboard */; };
		EB8FFBC22ACE4A4D0006E21F /* Assets.xcassets in Resources */ = {isa = PBXBuildFile; fileRef = EB8FFBC12ACE4A4D0006E21F /* Assets.xcassets */; };
		EB8FFBC52ACE4A4D0006E21F /* LaunchScreen.storyboard in Resources */ = {isa = PBXBuildFile; fileRef = EB8FFBC32ACE4A4D0006E21F /* LaunchScreen.storyboard */; };
		EB8FFBCD2ACE4B770006E21F /* NetworkManager.swift in Sources */ = {isa = PBXBuildFile; fileRef = EB8FFBCC2ACE4B770006E21F /* NetworkManager.swift */; };
		EB8FFBD42ACE56150006E21F /* Constants.swift in Sources */ = {isa = PBXBuildFile; fileRef = EB8FFBD32ACE56150006E21F /* Constants.swift */; };
		EB8FFBD62ACEC21B0006E21F /* HeadlineScreenImageCollectionViewCell.swift in Sources */ = {isa = PBXBuildFile; fileRef = EB8FFBD52ACEC21B0006E21F /* HeadlineScreenImageCollectionViewCell.swift */; };
		EB8FFBD82ACEF3410006E21F /* TopHeadLinesViewModel.swift in Sources */ = {isa = PBXBuildFile; fileRef = EB8FFBD72ACEF3400006E21F /* TopHeadLinesViewModel.swift */; };
		EBCC45C32ACFEBD6002A724B /* UIView+Extension.swift in Sources */ = {isa = PBXBuildFile; fileRef = EBCC45C22ACFEBD6002A724B /* UIView+Extension.swift */; };
		EBCC45C52AD029E1002A724B /* NewsDetails.swift in Sources */ = {isa = PBXBuildFile; fileRef = EBCC45C42AD029E1002A724B /* NewsDetails.swift */; };
/* End PBXBuildFile section */

/* Begin PBXFileReference section */
		EB3DB99D2ACFBDBE00D7C26E /* NewsDetailsViewController.swift */ = {isa = PBXFileReference; lastKnownFileType = sourcecode.swift; path = NewsDetailsViewController.swift; sourceTree = "<group>"; };
		EB3DB99F2ACFBDDC00D7C26E /* NewsDetailsViewModel.swift */ = {isa = PBXFileReference; lastKnownFileType = sourcecode.swift; path = NewsDetailsViewModel.swift; sourceTree = "<group>"; };
		EB84D1C72ACEFA6800C68EF4 /* HeadlineScreenImageCollectionViewModel.swift */ = {isa = PBXFileReference; lastKnownFileType = sourcecode.swift; path = HeadlineScreenImageCollectionViewModel.swift; sourceTree = "<group>"; };
		EB8FFBB52ACE4A4B0006E21F /* DaytonaTest.app */ = {isa = PBXFileReference; explicitFileType = wrapper.application; includeInIndex = 0; path = DaytonaTest.app; sourceTree = BUILT_PRODUCTS_DIR; };
		EB8FFBB82ACE4A4B0006E21F /* AppDelegate.swift */ = {isa = PBXFileReference; lastKnownFileType = sourcecode.swift; path = AppDelegate.swift; sourceTree = "<group>"; };
		EB8FFBBC2ACE4A4B0006E21F /* TopHeadLinesViewController.swift */ = {isa = PBXFileReference; lastKnownFileType = sourcecode.swift; path = TopHeadLinesViewController.swift; sourceTree = "<group>"; };
		EB8FFBBF2ACE4A4B0006E21F /* Base */ = {isa = PBXFileReference; lastKnownFileType = file.storyboard; name = Base; path = Base.lproj/Main.storyboard; sourceTree = "<group>"; };
		EB8FFBC12ACE4A4D0006E21F /* Assets.xcassets */ = {isa = PBXFileReference; lastKnownFileType = folder.assetcatalog; path = Assets.xcassets; sourceTree = "<group>"; };
		EB8FFBC42ACE4A4D0006E21F /* Base */ = {isa = PBXFileReference; lastKnownFileType = file.storyboard; name = Base; path = Base.lproj/LaunchScreen.storyboard; sourceTree = "<group>"; };
		EB8FFBC62ACE4A4D0006E21F /* Info.plist */ = {isa = PBXFileReference; lastKnownFileType = text.plist.xml; path = Info.plist; sourceTree = "<group>"; };
		EB8FFBCC2ACE4B770006E21F /* NetworkManager.swift */ = {isa = PBXFileReference; lastKnownFileType = sourcecode.swift; path = NetworkManager.swift; sourceTree = "<group>"; };
		EB8FFBD32ACE56150006E21F /* Constants.swift */ = {isa = PBXFileReference; lastKnownFileType = sourcecode.swift; path = Constants.swift; sourceTree = "<group>"; };
		EB8FFBD52ACEC21B0006E21F /* HeadlineScreenImageCollectionViewCell.swift */ = {isa = PBXFileReference; lastKnownFileType = sourcecode.swift; name = HeadlineScreenImageCollectionViewCell.swift; path = "../New Group/HeadlineScreenImageCollectionViewCell.swift"; sourceTree = "<group>"; };
		EB8FFBD72ACEF3400006E21F /* TopHeadLinesViewModel.swift */ = {isa = PBXFileReference; lastKnownFileType = sourcecode.swift; path = TopHeadLinesViewModel.swift; sourceTree = "<group>"; };
		EBCC45C22ACFEBD6002A724B /* UIView+Extension.swift */ = {isa = PBXFileReference; lastKnownFileType = sourcecode.swift; path = "UIView+Extension.swift"; sourceTree = "<group>"; };
		EBCC45C42AD029E1002A724B /* NewsDetails.swift */ = {isa = PBXFileReference; lastKnownFileType = sourcecode.swift; name = NewsDetails.swift; path = DaytonaTest/Models/NewsDetails.swift; sourceTree = SOURCE_ROOT; };
/* End PBXFileReference section */

/* Begin PBXFrameworksBuildPhase section */
		EB8FFBB22ACE4A4B0006E21F /* Frameworks */ = {
			isa = PBXFrameworksBuildPhase;
			buildActionMask = 2147483647;
			files = (
			);
			runOnlyForDeploymentPostprocessing = 0;
		};
/* End PBXFrameworksBuildPhase section */

/* Begin PBXGroup section */
		EB3DB9992ACF9E0000D7C26E /* HeadlinesCollectionCell */ = {
			isa = PBXGroup;
			children = (
				EB8FFBD52ACEC21B0006E21F /* HeadlineScreenImageCollectionViewCell.swift */,
				EB84D1C72ACEFA6800C68EF4 /* HeadlineScreenImageCollectionViewModel.swift */,
			);
			path = HeadlinesCollectionCell;
			sourceTree = "<group>";
		};
		EB3DB99A2ACFA0AA00D7C26E /* Helpers */ = {
			isa = PBXGroup;
			children = (
				EB8FFBD32ACE56150006E21F /* Constants.swift */,
				EBCC45C22ACFEBD6002A724B /* UIView+Extension.swift */,
			);
			path = Helpers;
			sourceTree = "<group>";
		};
		EB3DB9A12ACFD50500D7C26E /* NewsDetailsScreen */ = {
			isa = PBXGroup;
			children = (
				EB3DB99D2ACFBDBE00D7C26E /* NewsDetailsViewController.swift */,
				EB3DB99F2ACFBDDC00D7C26E /* NewsDetailsViewModel.swift */,
			);
			path = NewsDetailsScreen;
			sourceTree = "<group>";
		};
		EB3DB9A22ACFD53F00D7C26E /* StoryBorad */ = {
			isa = PBXGroup;
			children = (
				EB8FFBBE2ACE4A4B0006E21F /* Main.storyboard */,
				EB8FFBC32ACE4A4D0006E21F /* LaunchScreen.storyboard */,
			);
			path = StoryBorad;
			sourceTree = "<group>";
		};
		EB8FFBAC2ACE4A4B0006E21F = {
			isa = PBXGroup;
			children = (
				EB8FFBB72ACE4A4B0006E21F /* DaytonaTest */,
				EB8FFBB62ACE4A4B0006E21F /* Products */,
			);
			sourceTree = "<group>";
		};
		EB8FFBB62ACE4A4B0006E21F /* Products */ = {
			isa = PBXGroup;
			children = (
				EB8FFBB52ACE4A4B0006E21F /* DaytonaTest.app */,
			);
			name = Products;
			sourceTree = "<group>";
		};
		EB8FFBB72ACE4A4B0006E21F /* DaytonaTest */ = {
			isa = PBXGroup;
			children = (
				EB8FFBB82ACE4A4B0006E21F /* AppDelegate.swift */,
				EB3DB99A2ACFA0AA00D7C26E /* Helpers */,
				EBCC45C62AD0393E002A724B /* Models */,
				EB8FFBCE2ACE4BD80006E21F /* NetworkService */,
				EB8FFBCF2ACE4BFE0006E21F /* TopHeadlinesScreen */,
				EB3DB9A12ACFD50500D7C26E /* NewsDetailsScreen */,
				EB3DB9A22ACFD53F00D7C26E /* StoryBorad */,
				EB8FFBC12ACE4A4D0006E21F /* Assets.xcassets */,
				EB8FFBC62ACE4A4D0006E21F /* Info.plist */,
			);
			path = DaytonaTest;
			sourceTree = "<group>";
		};
		EB8FFBCE2ACE4BD80006E21F /* NetworkService */ = {
			isa = PBXGroup;
			children = (
				EB8FFBCC2ACE4B770006E21F /* NetworkManager.swift */,
			);
			path = NetworkService;
			sourceTree = "<group>";
		};
		EB8FFBCF2ACE4BFE0006E21F /* TopHeadlinesScreen */ = {
			isa = PBXGroup;
			children = (
				EB8FFBBC2ACE4A4B0006E21F /* TopHeadLinesViewController.swift */,
				EB8FFBD72ACEF3400006E21F /* TopHeadLinesViewModel.swift */,
				EB3DB9992ACF9E0000D7C26E /* HeadlinesCollectionCell */,
			);
			path = TopHeadlinesScreen;
			sourceTree = "<group>";
		};
		EBCC45C62AD0393E002A724B /* Models */ = {
			isa = PBXGroup;
			children = (
				EBCC45C42AD029E1002A724B /* NewsDetails.swift */,
			);
			path = Models;
			sourceTree = "<group>";
		};
/* End PBXGroup section */

/* Begin PBXNativeTarget section */
		EB8FFBB42ACE4A4B0006E21F /* DaytonaTest */ = {
			isa = PBXNativeTarget;
			buildConfigurationList = EB8FFBC92ACE4A4D0006E21F /* Build configuration list for PBXNativeTarget "DaytonaTest" */;
			buildPhases = (
				EB8FFBB12ACE4A4B0006E21F /* Sources */,
				EB8FFBB22ACE4A4B0006E21F /* Frameworks */,
				EB8FFBB32ACE4A4B0006E21F /* Resources */,
			);
			buildRules = (
			);
			dependencies = (
			);
			name = DaytonaTest;
			productName = DaytonaTest;
			productReference = EB8FFBB52ACE4A4B0006E21F /* DaytonaTest.app */;
			productType = "com.apple.product-type.application";
		};
/* End PBXNativeTarget section */

/* Begin PBXProject section */
		EB8FFBAD2ACE4A4B0006E21F /* Project object */ = {
			isa = PBXProject;
			attributes = {
				BuildIndependentTargetsInParallel = 1;
				LastSwiftUpdateCheck = 1430;
				LastUpgradeCheck = 1430;
				TargetAttributes = {
					EB8FFBB42ACE4A4B0006E21F = {
						CreatedOnToolsVersion = 14.3.1;
					};
				};
			};
			buildConfigurationList = EB8FFBB02ACE4A4B0006E21F /* Build configuration list for PBXProject "DaytonaTest" */;
			compatibilityVersion = "Xcode 14.0";
			developmentRegion = en;
			hasScannedForEncodings = 0;
			knownRegions = (
				en,
				Base,
			);
			mainGroup = EB8FFBAC2ACE4A4B0006E21F;
			productRefGroup = EB8FFBB62ACE4A4B0006E21F /* Products */;
			projectDirPath = "";
			projectRoot = "";
			targets = (
				EB8FFBB42ACE4A4B0006E21F /* DaytonaTest */,
			);
		};
/* End PBXProject section */

/* Begin PBXResourcesBuildPhase section */
		EB8FFBB32ACE4A4B0006E21F /* Resources */ = {
			isa = PBXResourcesBuildPhase;
			buildActionMask = 2147483647;
			files = (
				EB8FFBC52ACE4A4D0006E21F /* LaunchScreen.storyboard in Resources */,
				EB8FFBC22ACE4A4D0006E21F /* Assets.xcassets in Resources */,
				EB8FFBC02ACE4A4B0006E21F /* Main.storyboard in Resources */,
			);
			runOnlyForDeploymentPostprocessing = 0;
		};
/* End PBXResourcesBuildPhase section */

/* Begin PBXSourcesBuildPhase section */
		EB8FFBB12ACE4A4B0006E21F /* Sources */ = {
			isa = PBXSourcesBuildPhase;
			buildActionMask = 2147483647;
			files = (
				EB8FFBD82ACEF3410006E21F /* TopHeadLinesViewModel.swift in Sources */,
				EB8FFBD42ACE56150006E21F /* Constants.swift in Sources */,
				EB8FFBCD2ACE4B770006E21F /* NetworkManager.swift in Sources */,
				EB8FFBBD2ACE4A4B0006E21F /* TopHeadLinesViewController.swift in Sources */,
				EB3DB9A02ACFBDDC00D7C26E /* NewsDetailsViewModel.swift in Sources */,
				EBCC45C52AD029E1002A724B /* NewsDetails.swift in Sources */,
				EB84D1C82ACEFA6800C68EF4 /* HeadlineScreenImageCollectionViewModel.swift in Sources */,
				EBCC45C32ACFEBD6002A724B /* UIView+Extension.swift in Sources */,
				EB3DB99E2ACFBDBE00D7C26E /* NewsDetailsViewController.swift in Sources */,
				EB8FFBD62ACEC21B0006E21F /* HeadlineScreenImageCollectionViewCell.swift in Sources */,
				EB8FFBB92ACE4A4B0006E21F /* AppDelegate.swift in Sources */,
			);
			runOnlyForDeploymentPostprocessing = 0;
		};
/* End PBXSourcesBuildPhase section */

/* Begin PBXVariantGroup section */
		EB8FFBBE2ACE4A4B0006E21F /* Main.storyboard */ = {
			isa = PBXVariantGroup;
			children = (
				EB8FFBBF2ACE4A4B0006E21F /* Base */,
			);
			name = Main.storyboard;
			sourceTree = "<group>";
		};
		EB8FFBC32ACE4A4D0006E21F /* LaunchScreen.storyboard */ = {
			isa = PBXVariantGroup;
			children = (
				EB8FFBC42ACE4A4D0006E21F /* Base */,
			);
			name = LaunchScreen.storyboard;
			sourceTree = "<group>";
		};
/* End PBXVariantGroup section */

/* Begin XCBuildConfiguration section */
		EB8FFBC72ACE4A4D0006E21F /* Debug */ = {
			isa = XCBuildConfiguration;
			buildSettings = {
				ALWAYS_SEARCH_USER_PATHS = NO;
				CLANG_ANALYZER_NONNULL = YES;
				CLANG_ANALYZER_NUMBER_OBJECT_CONVERSION = YES_AGGRESSIVE;
				CLANG_CXX_LANGUAGE_STANDARD = "gnu++20";
				CLANG_ENABLE_MODULES = YES;
				CLANG_ENABLE_OBJC_ARC = YES;
				CLANG_ENABLE_OBJC_WEAK = YES;
				CLANG_WARN_BLOCK_CAPTURE_AUTORELEASING = YES;
				CLANG_WARN_BOOL_CONVERSION = YES;
				CLANG_WARN_COMMA = YES;
				CLANG_WARN_CONSTANT_CONVERSION = YES;
				CLANG_WARN_DEPRECATED_OBJC_IMPLEMENTATIONS = YES;
				CLANG_WARN_DIRECT_OBJC_ISA_USAGE = YES_ERROR;
				CLANG_WARN_DOCUMENTATION_COMMENTS = YES;
				CLANG_WARN_EMPTY_BODY = YES;
				CLANG_WARN_ENUM_CONVERSION = YES;
				CLANG_WARN_INFINITE_RECURSION = YES;
				CLANG_WARN_INT_CONVERSION = YES;
				CLANG_WARN_NON_LITERAL_NULL_CONVERSION = YES;
				CLANG_WARN_OBJC_IMPLICIT_RETAIN_SELF = YES;
				CLANG_WARN_OBJC_LITERAL_CONVERSION = YES;
				CLANG_WARN_OBJC_ROOT_CLASS = YES_ERROR;
				CLANG_WARN_QUOTED_INCLUDE_IN_FRAMEWORK_HEADER = YES;
				CLANG_WARN_RANGE_LOOP_ANALYSIS = YES;
				CLANG_WARN_STRICT_PROTOTYPES = YES;
				CLANG_WARN_SUSPICIOUS_MOVE = YES;
				CLANG_WARN_UNGUARDED_AVAILABILITY = YES_AGGRESSIVE;
				CLANG_WARN_UNREACHABLE_CODE = YES;
				CLANG_WARN__DUPLICATE_METHOD_MATCH = YES;
				COPY_PHASE_STRIP = NO;
				DEBUG_INFORMATION_FORMAT = dwarf;
				ENABLE_STRICT_OBJC_MSGSEND = YES;
				ENABLE_TESTABILITY = YES;
				GCC_C_LANGUAGE_STANDARD = gnu11;
				GCC_DYNAMIC_NO_PIC = NO;
				GCC_NO_COMMON_BLOCKS = YES;
				GCC_OPTIMIZATION_LEVEL = 0;
				GCC_PREPROCESSOR_DEFINITIONS = (
					"DEBUG=1",
					"$(inherited)",
				);
				GCC_WARN_64_TO_32_BIT_CONVERSION = YES;
				GCC_WARN_ABOUT_RETURN_TYPE = YES_ERROR;
				GCC_WARN_UNDECLARED_SELECTOR = YES;
				GCC_WARN_UNINITIALIZED_AUTOS = YES_AGGRESSIVE;
				GCC_WARN_UNUSED_FUNCTION = YES;
				GCC_WARN_UNUSED_VARIABLE = YES;
				IPHONEOS_DEPLOYMENT_TARGET = 16.4;
				MTL_ENABLE_DEBUG_INFO = INCLUDE_SOURCE;
				MTL_FAST_MATH = YES;
				ONLY_ACTIVE_ARCH = YES;
				SDKROOT = iphoneos;
				SWIFT_ACTIVE_COMPILATION_CONDITIONS = DEBUG;
				SWIFT_OPTIMIZATION_LEVEL = "-Onone";
			};
			name = Debug;
		};
		EB8FFBC82ACE4A4D0006E21F /* Release */ = {
			isa = XCBuildConfiguration;
			buildSettings = {
				ALWAYS_SEARCH_USER_PATHS = NO;
				CLANG_ANALYZER_NONNULL = YES;
				CLANG_ANALYZER_NUMBER_OBJECT_CONVERSION = YES_AGGRESSIVE;
				CLANG_CXX_LANGUAGE_STANDARD = "gnu++20";
				CLANG_ENABLE_MODULES = YES;
				CLANG_ENABLE_OBJC_ARC = YES;
				CLANG_ENABLE_OBJC_WEAK = YES;
				CLANG_WARN_BLOCK_CAPTURE_AUTORELEASING = YES;
				CLANG_WARN_BOOL_CONVERSION = YES;
				CLANG_WARN_COMMA = YES;
				CLANG_WARN_CONSTANT_CONVERSION = YES;
				CLANG_WARN_DEPRECATED_OBJC_IMPLEMENTATIONS = YES;
				CLANG_WARN_DIRECT_OBJC_ISA_USAGE = YES_ERROR;
				CLANG_WARN_DOCUMENTATION_COMMENTS = YES;
				CLANG_WARN_EMPTY_BODY = YES;
				CLANG_WARN_ENUM_CONVERSION = YES;
				CLANG_WARN_INFINITE_RECURSION = YES;
				CLANG_WARN_INT_CONVERSION = YES;
				CLANG_WARN_NON_LITERAL_NULL_CONVERSION = YES;
				CLANG_WARN_OBJC_IMPLICIT_RETAIN_SELF = YES;
				CLANG_WARN_OBJC_LITERAL_CONVERSION = YES;
				CLANG_WARN_OBJC_ROOT_CLASS = YES_ERROR;
				CLANG_WARN_QUOTED_INCLUDE_IN_FRAMEWORK_HEADER = YES;
				CLANG_WARN_RANGE_LOOP_ANALYSIS = YES;
				CLANG_WARN_STRICT_PROTOTYPES = YES;
				CLANG_WARN_SUSPICIOUS_MOVE = YES;
				CLANG_WARN_UNGUARDED_AVAILABILITY = YES_AGGRESSIVE;
				CLANG_WARN_UNREACHABLE_CODE = YES;
				CLANG_WARN__DUPLICATE_METHOD_MATCH = YES;
				COPY_PHASE_STRIP = NO;
				DEBUG_INFORMATION_FORMAT = "dwarf-with-dsym";
				ENABLE_NS_ASSERTIONS = NO;
				ENABLE_STRICT_OBJC_MSGSEND = YES;
				GCC_C_LANGUAGE_STANDARD = gnu11;
				GCC_NO_COMMON_BLOCKS = YES;
				GCC_WARN_64_TO_32_BIT_CONVERSION = YES;
				GCC_WARN_ABOUT_RETURN_TYPE = YES_ERROR;
				GCC_WARN_UNDECLARED_SELECTOR = YES;
				GCC_WARN_UNINITIALIZED_AUTOS = YES_AGGRESSIVE;
				GCC_WARN_UNUSED_FUNCTION = YES;
				GCC_WARN_UNUSED_VARIABLE = YES;
				IPHONEOS_DEPLOYMENT_TARGET = 16.4;
				MTL_ENABLE_DEBUG_INFO = NO;
				MTL_FAST_MATH = YES;
				SDKROOT = iphoneos;
				SWIFT_COMPILATION_MODE = wholemodule;
				SWIFT_OPTIMIZATION_LEVEL = "-O";
				VALIDATE_PRODUCT = YES;
			};
			name = Release;
		};
		EB8FFBCA2ACE4A4D0006E21F /* Debug */ = {
			isa = XCBuildConfiguration;
			buildSettings = {
				ASSETCATALOG_COMPILER_APPICON_NAME = AppIcon;
				ASSETCATALOG_COMPILER_GLOBAL_ACCENT_COLOR_NAME = AccentColor;
				CODE_SIGN_STYLE = Manual;
				CURRENT_PROJECT_VERSION = 1;
				DEVELOPMENT_TEAM = "";
				GENERATE_INFOPLIST_FILE = YES;
				INFOPLIST_FILE = DaytonaTest/Info.plist;
				INFOPLIST_KEY_UIApplicationSupportsIndirectInputEvents = YES;
				INFOPLIST_KEY_UILaunchStoryboardName = LaunchScreen;
				INFOPLIST_KEY_UIMainStoryboardFile = Main;
				INFOPLIST_KEY_UISupportedInterfaceOrientations_iPad = "UIInterfaceOrientationPortrait UIInterfaceOrientationPortraitUpsideDown UIInterfaceOrientationLandscapeLeft UIInterfaceOrientationLandscapeRight";
				INFOPLIST_KEY_UISupportedInterfaceOrientations_iPhone = "UIInterfaceOrientationPortrait UIInterfaceOrientationLandscapeLeft UIInterfaceOrientationLandscapeRight";
				LD_RUNPATH_SEARCH_PATHS = (
					"$(inherited)",
					"@executable_path/Frameworks",
				);
				MARKETING_VERSION = 1.0;
				PRODUCT_BUNDLE_IDENTIFIER = com.daytona.DaytonaTest;
				PRODUCT_NAME = "$(TARGET_NAME)";
				PROVISIONING_PROFILE_SPECIFIER = "";
				SWIFT_EMIT_LOC_STRINGS = YES;
				SWIFT_VERSION = 5.0;
				TARGETED_DEVICE_FAMILY = "1,2";
			};
			name = Debug;
		};
		EB8FFBCB2ACE4A4D0006E21F /* Release */ = {
			isa = XCBuildConfiguration;
			buildSettings = {
				ASSETCATALOG_COMPILER_APPICON_NAME = AppIcon;
				ASSETCATALOG_COMPILER_GLOBAL_ACCENT_COLOR_NAME = AccentColor;
				CODE_SIGN_STYLE = Manual;
				CURRENT_PROJECT_VERSION = 1;
				DEVELOPMENT_TEAM = "";
				GENERATE_INFOPLIST_FILE = YES;
				INFOPLIST_FILE = DaytonaTest/Info.plist;
				INFOPLIST_KEY_UIApplicationSupportsIndirectInputEvents = YES;
				INFOPLIST_KEY_UILaunchStoryboardName = LaunchScreen;
				INFOPLIST_KEY_UIMainStoryboardFile = Main;
				INFOPLIST_KEY_UISupportedInterfaceOrientations_iPad = "UIInterfaceOrientationPortrait UIInterfaceOrientationPortraitUpsideDown UIInterfaceOrientationLandscapeLeft UIInterfaceOrientationLandscapeRight";
				INFOPLIST_KEY_UISupportedInterfaceOrientations_iPhone = "UIInterfaceOrientationPortrait UIInterfaceOrientationLandscapeLeft UIInterfaceOrientationLandscapeRight";
				LD_RUNPATH_SEARCH_PATHS = (
					"$(inherited)",
					"@executable_path/Frameworks",
				);
				MARKETING_VERSION = 1.0;
				PRODUCT_BUNDLE_IDENTIFIER = com.daytona.DaytonaTest;
				PRODUCT_NAME = "$(TARGET_NAME)";
				PROVISIONING_PROFILE_SPECIFIER = "";
				SWIFT_EMIT_LOC_STRINGS = YES;
				SWIFT_VERSION = 5.0;
				TARGETED_DEVICE_FAMILY = "1,2";
			};
			name = Release;
		};
/* End XCBuildConfiguration section */

/* Begin XCConfigurationList section */
		EB8FFBB02ACE4A4B0006E21F /* Build configuration list for PBXProject "DaytonaTest" */ = {
			isa = XCConfigurationList;
			buildConfigurations = (
				EB8FFBC72ACE4A4D0006E21F /* Debug */,
				EB8FFBC82ACE4A4D0006E21F /* Release */,
			);
			defaultConfigurationIsVisible = 0;
			defaultConfigurationName = Release;
		};
		EB8FFBC92ACE4A4D0006E21F /* Build configuration list for PBXNativeTarget "DaytonaTest" */ = {
			isa = XCConfigurationList;
			buildConfigurations = (
				EB8FFBCA2ACE4A4D0006E21F /* Debug */,
				EB8FFBCB2ACE4A4D0006E21F /* Release */,
			);
			defaultConfigurationIsVisible = 0;
			defaultConfigurationName = Release;
		};
/* End XCConfigurationList section */
	};
	rootObject = EB8FFBAD2ACE4A4B0006E21F /* Project object */;
}
